// !$*UTF8*$!
{
	archiveVersion = 1;
	classes = {
	};
	objectVersion = 56;
	objects = {

/* Begin PBXBuildFile section */
		BA75FF9F2CB5EB1100A334C1 /* AppDelegate.swift in Sources */ = {isa = PBXBuildFile; fileRef = BA75FF9E2CB5EB1100A334C1 /* AppDelegate.swift */; };
		BA75FFA12CB5EB1100A334C1 /* SceneDelegate.swift in Sources */ = {isa = PBXBuildFile; fileRef = BA75FFA02CB5EB1100A334C1 /* SceneDelegate.swift */; };
		BA75FFA32CB5EB1100A334C1 /* ViewController.swift in Sources */ = {isa = PBXBuildFile; fileRef = BA75FFA22CB5EB1100A334C1 /* ViewController.swift */; };
		BA75FFA62CB5EB1100A334C1 /* Base in Resources */ = {isa = PBXBuildFile; fileRef = BA75FFA52CB5EB1100A334C1 /* Base */; };
		BA75FFA82CB5EB1200A334C1 /* Assets.xcassets in Resources */ = {isa = PBXBuildFile; fileRef = BA75FFA72CB5EB1200A334C1 /* Assets.xcassets */; };
		BA75FFAB2CB5EB1200A334C1 /* Base in Resources */ = {isa = PBXBuildFile; fileRef = BA75FFAA2CB5EB1200A334C1 /* Base */; };
		BA75FFB62CB5EB1300A334C1 /* calculatorTests.swift in Sources */ = {isa = PBXBuildFile; fileRef = BA75FFB52CB5EB1300A334C1 /* calculatorTests.swift */; };
		BA75FFC02CB5EB1300A334C1 /* calculatorUITests.swift in Sources */ = {isa = PBXBuildFile; fileRef = BA75FFBF2CB5EB1300A334C1 /* calculatorUITests.swift */; };
		BA75FFC22CB5EB1300A334C1 /* calculatorUITestsLaunchTests.swift in Sources */ = {isa = PBXBuildFile; fileRef = BA75FFC12CB5EB1300A334C1 /* calculatorUITestsLaunchTests.swift */; };
/* End PBXBuildFile section */

/* Begin PBXContainerItemProxy section */
		BA75FFB22CB5EB1300A334C1 /* PBXContainerItemProxy */ = {
			isa = PBXContainerItemProxy;
			containerPortal = BA75FF932CB5EB1100A334C1 /* Project object */;
			proxyType = 1;
			remoteGlobalIDString = BA75FF9A2CB5EB1100A334C1;
			remoteInfo = calculator;
		};
		BA75FFBC2CB5EB1300A334C1 /* PBXContainerItemProxy */ = {
			isa = PBXContainerItemProxy;
			containerPortal = BA75FF932CB5EB1100A334C1 /* Project object */;
			proxyType = 1;
			remoteGlobalIDString = BA75FF9A2CB5EB1100A334C1;
			remoteInfo = calculator;
		};
/* End PBXContainerItemProxy section */

/* Begin PBXFileReference section */
		BA75FF9B2CB5EB1100A334C1 /* calculator.app */ = {isa = PBXFileReference; explicitFileType = wrapper.application; includeInIndex = 0; path = calculator.app; sourceTree = BUILT_PRODUCTS_DIR; };
		BA75FF9E2CB5EB1100A334C1 /* AppDelegate.swift */ = {isa = PBXFileReference; lastKnownFileType = sourcecode.swift; path = AppDelegate.swift; sourceTree = "<group>"; };
		BA75FFA02CB5EB1100A334C1 /* SceneDelegate.swift */ = {isa = PBXFileReference; lastKnownFileType = sourcecode.swift; path = SceneDelegate.swift; sourceTree = "<group>"; };
		BA75FFA22CB5EB1100A334C1 /* ViewController.swift */ = {isa = PBXFileReference; lastKnownFileType = sourcecode.swift; path = ViewController.swift; sourceTree = "<group>"; };
		BA75FFA52CB5EB1100A334C1 /* Base */ = {isa = PBXFileReference; lastKnownFileType = file.storyboard; name = Base; path = Base.lproj/Main.storyboard; sourceTree = "<group>"; };
		BA75FFA72CB5EB1200A334C1 /* Assets.xcassets */ = {isa = PBXFileReference; lastKnownFileType = folder.assetcatalog; path = Assets.xcassets; sourceTree = "<group>"; };
		BA75FFAA2CB5EB1200A334C1 /* Base */ = {isa = PBXFileReference; lastKnownFileType = file.storyboard; name = Base; path = Base.lproj/LaunchScreen.storyboard; sourceTree = "<group>"; };
		BA75FFAC2CB5EB1200A334C1 /* Info.plist */ = {isa = PBXFileReference; lastKnownFileType = text.plist.xml; path = Info.plist; sourceTree = "<group>"; };
		BA75FFB12CB5EB1300A334C1 /* calculatorTests.xctest */ = {isa = PBXFileReference; explicitFileType = wrapper.cfbundle; includeInIndex = 0; path = calculatorTests.xctest; sourceTree = BUILT_PRODUCTS_DIR; };
		BA75FFB52CB5EB1300A334C1 /* calculatorTests.swift */ = {isa = PBXFileReference; lastKnownFileType = sourcecode.swift; path = calculatorTests.swift; sourceTree = "<group>"; };
		BA75FFBB2CB5EB1300A334C1 /* calculatorUITests.xctest */ = {isa = PBXFileReference; explicitFileType = wrapper.cfbundle; includeInIndex = 0; path = calculatorUITests.xctest; sourceTree = BUILT_PRODUCTS_DIR; };
		BA75FFBF2CB5EB1300A334C1 /* calculatorUITests.swift */ = {isa = PBXFileReference; lastKnownFileType = sourcecode.swift; path = calculatorUITests.swift; sourceTree = "<group>"; };
		BA75FFC12CB5EB1300A334C1 /* calculatorUITestsLaunchTests.swift */ = {isa = PBXFileReference; lastKnownFileType = sourcecode.swift; path = calculatorUITestsLaunchTests.swift; sourceTree = "<group>"; };
/* End PBXFileReference section */

/* Begin PBXFrameworksBuildPhase section */
		BA75FF982CB5EB1100A334C1 /* Frameworks */ = {
			isa = PBXFrameworksBuildPhase;
			buildActionMask = 2147483647;
			files = (
			);
			runOnlyForDeploymentPostprocessing = 0;
		};
		BA75FFAE2CB5EB1300A334C1 /* Frameworks */ = {
			isa = PBXFrameworksBuildPhase;
			buildActionMask = 2147483647;
			files = (
			);
			runOnlyForDeploymentPostprocessing = 0;
		};
		BA75FFB82CB5EB1300A334C1 /* Frameworks */ = {
			isa = PBXFrameworksBuildPhase;
			buildActionMask = 2147483647;
			files = (
			);
			runOnlyForDeploymentPostprocessing = 0;
		};
/* End PBXFrameworksBuildPhase section */

/* Begin PBXGroup section */
		BA75FF922CB5EB1100A334C1 = {
			isa = PBXGroup;
			children = (
				BA75FF9D2CB5EB1100A334C1 /* calculator */,
				BA75FFB42CB5EB1300A334C1 /* calculatorTests */,
				BA75FFBE2CB5EB1300A334C1 /* calculatorUITests */,
				BA75FF9C2CB5EB1100A334C1 /* Products */,
			);
			sourceTree = "<group>";
		};
		BA75FF9C2CB5EB1100A334C1 /* Products */ = {
			isa = PBXGroup;
			children = (
				BA75FF9B2CB5EB1100A334C1 /* calculator.app */,
				BA75FFB12CB5EB1300A334C1 /* calculatorTests.xctest */,
				BA75FFBB2CB5EB1300A334C1 /* calculatorUITests.xctest */,
			);
			name = Products;
			sourceTree = "<group>";
		};
		BA75FF9D2CB5EB1100A334C1 /* calculator */ = {
			isa = PBXGroup;
			children = (
				BA75FF9E2CB5EB1100A334C1 /* AppDelegate.swift */,
				BA75FFA02CB5EB1100A334C1 /* SceneDelegate.swift */,
				BA75FFA22CB5EB1100A334C1 /* ViewController.swift */,
				BA75FFA42CB5EB1100A334C1 /* Main.storyboard */,
				BA75FFA72CB5EB1200A334C1 /* Assets.xcassets */,
				BA75FFA92CB5EB1200A334C1 /* LaunchScreen.storyboard */,
				BA75FFAC2CB5EB1200A334C1 /* Info.plist */,
			);
			path = calculator;
			sourceTree = "<group>";
		};
		BA75FFB42CB5EB1300A334C1 /* calculatorTests */ = {
			isa = PBXGroup;
			children = (
				BA75FFB52CB5EB1300A334C1 /* calculatorTests.swift */,
			);
			path = calculatorTests;
			sourceTree = "<group>";
		};
		BA75FFBE2CB5EB1300A334C1 /* calculatorUITests */ = {
			isa = PBXGroup;
			children = (
				BA75FFBF2CB5EB1300A334C1 /* calculatorUITests.swift */,
				BA75FFC12CB5EB1300A334C1 /* calculatorUITestsLaunchTests.swift */,
			);
			path = calculatorUITests;
			sourceTree = "<group>";
		};
/* End PBXGroup section */

/* Begin PBXNativeTarget section */
		BA75FF9A2CB5EB1100A334C1 /* calculator */ = {
			isa = PBXNativeTarget;
			buildConfigurationList = BA75FFC52CB5EB1300A334C1 /* Build configuration list for PBXNativeTarget "calculator" */;
			buildPhases = (
				BA75FF972CB5EB1100A334C1 /* Sources */,
				BA75FF982CB5EB1100A334C1 /* Frameworks */,
				BA75FF992CB5EB1100A334C1 /* Resources */,
			);
			buildRules = (
			);
			dependencies = (
			);
			name = calculator;
			productName = calculator;
			productReference = BA75FF9B2CB5EB1100A334C1 /* calculator.app */;
			productType = "com.apple.product-type.application";
		};
		BA75FFB02CB5EB1300A334C1 /* calculatorTests */ = {
			isa = PBXNativeTarget;
			buildConfigurationList = BA75FFC82CB5EB1300A334C1 /* Build configuration list for PBXNativeTarget "calculatorTests" */;
			buildPhases = (
				BA75FFAD2CB5EB1300A334C1 /* Sources */,
				BA75FFAE2CB5EB1300A334C1 /* Frameworks */,
				BA75FFAF2CB5EB1300A334C1 /* Resources */,
			);
			buildRules = (
			);
			dependencies = (
				BA75FFB32CB5EB1300A334C1 /* PBXTargetDependency */,
			);
			name = calculatorTests;
			productName = calculatorTests;
			productReference = BA75FFB12CB5EB1300A334C1 /* calculatorTests.xctest */;
			productType = "com.apple.product-type.bundle.unit-test";
		};
		BA75FFBA2CB5EB1300A334C1 /* calculatorUITests */ = {
			isa = PBXNativeTarget;
			buildConfigurationList = BA75FFCB2CB5EB1300A334C1 /* Build configuration list for PBXNativeTarget "calculatorUITests" */;
			buildPhases = (
				BA75FFB72CB5EB1300A334C1 /* Sources */,
				BA75FFB82CB5EB1300A334C1 /* Frameworks */,
				BA75FFB92CB5EB1300A334C1 /* Resources */,
			);
			buildRules = (
			);
			dependencies = (
				BA75FFBD2CB5EB1300A334C1 /* PBXTargetDependency */,
			);
			name = calculatorUITests;
			productName = calculatorUITests;
			productReference = BA75FFBB2CB5EB1300A334C1 /* calculatorUITests.xctest */;
			productType = "com.apple.product-type.bundle.ui-testing";
		};
/* End PBXNativeTarget section */

/* Begin PBXProject section */
		BA75FF932CB5EB1100A334C1 /* Project object */ = {
			isa = PBXProject;
			attributes = {
				BuildIndependentTargetsInParallel = 1;
				LastSwiftUpdateCheck = 1540;
				LastUpgradeCheck = 1540;
				TargetAttributes = {
					BA75FF9A2CB5EB1100A334C1 = {
						CreatedOnToolsVersion = 15.4;
					};
					BA75FFB02CB5EB1300A334C1 = {
						CreatedOnToolsVersion = 15.4;
						TestTargetID = BA75FF9A2CB5EB1100A334C1;
					};
					BA75FFBA2CB5EB1300A334C1 = {
						CreatedOnToolsVersion = 15.4;
						TestTargetID = BA75FF9A2CB5EB1100A334C1;
					};
				};
			};
			buildConfigurationList = BA75FF962CB5EB1100A334C1 /* Build configuration list for PBXProject "calculator" */;
			compatibilityVersion = "Xcode 14.0";
			developmentRegion = en;
			hasScannedForEncodings = 0;
			knownRegions = (
				en,
				Base,
			);
			mainGroup = BA75FF922CB5EB1100A334C1;
			productRefGroup = BA75FF9C2CB5EB1100A334C1 /* Products */;
			projectDirPath = "";
			projectRoot = "";
			targets = (
				BA75FF9A2CB5EB1100A334C1 /* calculator */,
				BA75FFB02CB5EB1300A334C1 /* calculatorTests */,
				BA75FFBA2CB5EB1300A334C1 /* calculatorUITests */,
			);
		};
/* End PBXProject section */

/* Begin PBXResourcesBuildPhase section */
		BA75FF992CB5EB1100A334C1 /* Resources */ = {
			isa = PBXResourcesBuildPhase;
			buildActionMask = 2147483647;
			files = (
				BA75FFA82CB5EB1200A334C1 /* Assets.xcassets in Resources */,
				BA75FFAB2CB5EB1200A334C1 /* Base in Resources */,
				BA75FFA62CB5EB1100A334C1 /* Base in Resources */,
			);
			runOnlyForDeploymentPostprocessing = 0;
		};
		BA75FFAF2CB5EB1300A334C1 /* Resources */ = {
			isa = PBXResourcesBuildPhase;
			buildActionMask = 2147483647;
			files = (
			);
			runOnlyForDeploymentPostprocessing = 0;
		};
		BA75FFB92CB5EB1300A334C1 /* Resources */ = {
			isa = PBXResourcesBuildPhase;
			buildActionMask = 2147483647;
			files = (
			);
			runOnlyForDeploymentPostprocessing = 0;
		};
/* End PBXResourcesBuildPhase section */

/* Begin PBXSourcesBuildPhase section */
		BA75FF972CB5EB1100A334C1 /* Sources */ = {
			isa = PBXSourcesBuildPhase;
			buildActionMask = 2147483647;
			files = (
				BA75FFA32CB5EB1100A334C1 /* ViewController.swift in Sources */,
				BA75FF9F2CB5EB1100A334C1 /* AppDelegate.swift in Sources */,
				BA75FFA12CB5EB1100A334C1 /* SceneDelegate.swift in Sources */,
			);
			runOnlyForDeploymentPostprocessing = 0;
		};
		BA75FFAD2CB5EB1300A334C1 /* Sources */ = {
			isa = PBXSourcesBuildPhase;
			buildActionMask = 2147483647;
			files = (
				BA75FFB62CB5EB1300A334C1 /* calculatorTests.swift in Sources */,
			);
			runOnlyForDeploymentPostprocessing = 0;
		};
		BA75FFB72CB5EB1300A334C1 /* Sources */ = {
			isa = PBXSourcesBuildPhase;
			buildActionMask = 2147483647;
			files = (
				BA75FFC22CB5EB1300A334C1 /* calculatorUITestsLaunchTests.swift in Sources */,
				BA75FFC02CB5EB1300A334C1 /* calculatorUITests.swift in Sources */,
			);
			runOnlyForDeploymentPostprocessing = 0;
		};
/* End PBXSourcesBuildPhase section */

/* Begin PBXTargetDependency section */
		BA75FFB32CB5EB1300A334C1 /* PBXTargetDependency */ = {
			isa = PBXTargetDependency;
			target = BA75FF9A2CB5EB1100A334C1 /* calculator */;
			targetProxy = BA75FFB22CB5EB1300A334C1 /* PBXContainerItemProxy */;
		};
		BA75FFBD2CB5EB1300A334C1 /* PBXTargetDependency */ = {
			isa = PBXTargetDependency;
			target = BA75FF9A2CB5EB1100A334C1 /* calculator */;
			targetProxy = BA75FFBC2CB5EB1300A334C1 /* PBXContainerItemProxy */;
		};
/* End PBXTargetDependency section */

/* Begin PBXVariantGroup section */
		BA75FFA42CB5EB1100A334C1 /* Main.storyboard */ = {
			isa = PBXVariantGroup;
			children = (
				BA75FFA52CB5EB1100A334C1 /* Base */,
			);
			name = Main.storyboard;
			sourceTree = "<group>";
		};
		BA75FFA92CB5EB1200A334C1 /* LaunchScreen.storyboard */ = {
			isa = PBXVariantGroup;
			children = (
				BA75FFAA2CB5EB1200A334C1 /* Base */,
			);
			name = LaunchScreen.storyboard;
			sourceTree = "<group>";
		};
/* End PBXVariantGroup section */

/* Begin XCBuildConfiguration section */
		BA75FFC32CB5EB1300A334C1 /* Debug */ = {
			isa = XCBuildConfiguration;
			buildSettings = {
				ALWAYS_SEARCH_USER_PATHS = NO;
				ASSETCATALOG_COMPILER_GENERATE_SWIFT_ASSET_SYMBOL_EXTENSIONS = YES;
				CLANG_ANALYZER_NONNULL = YES;
				CLANG_ANALYZER_NUMBER_OBJECT_CONVERSION = YES_AGGRESSIVE;
				CLANG_CXX_LANGUAGE_STANDARD = "gnu++20";
				CLANG_ENABLE_MODULES = YES;
				CLANG_ENABLE_OBJC_ARC = YES;
				CLANG_ENABLE_OBJC_WEAK = YES;
				CLANG_WARN_BLOCK_CAPTURE_AUTORELEASING = YES;
				CLANG_WARN_BOOL_CONVERSION = YES;
				CLANG_WARN_COMMA = YES;
				CLANG_WARN_CONSTANT_CONVERSION = YES;
				CLANG_WARN_DEPRECATED_OBJC_IMPLEMENTATIONS = YES;
				CLANG_WARN_DIRECT_OBJC_ISA_USAGE = YES_ERROR;
				CLANG_WARN_DOCUMENTATION_COMMENTS = YES;
				CLANG_WARN_EMPTY_BODY = YES;
				CLANG_WARN_ENUM_CONVERSION = YES;
				CLANG_WARN_INFINITE_RECURSION = YES;
				CLANG_WARN_INT_CONVERSION = YES;
				CLANG_WARN_NON_LITERAL_NULL_CONVERSION = YES;
				CLANG_WARN_OBJC_IMPLICIT_RETAIN_SELF = YES;
				CLANG_WARN_OBJC_LITERAL_CONVERSION = YES;
				CLANG_WARN_OBJC_ROOT_CLASS = YES_ERROR;
				CLANG_WARN_QUOTED_INCLUDE_IN_FRAMEWORK_HEADER = YES;
				CLANG_WARN_RANGE_LOOP_ANALYSIS = YES;
				CLANG_WARN_STRICT_PROTOTYPES = YES;
				CLANG_WARN_SUSPICIOUS_MOVE = YES;
				CLANG_WARN_UNGUARDED_AVAILABILITY = YES_AGGRESSIVE;
				CLANG_WARN_UNREACHABLE_CODE = YES;
				CLANG_WARN__DUPLICATE_METHOD_MATCH = YES;
				COPY_PHASE_STRIP = NO;
				DEBUG_INFORMATION_FORMAT = dwarf;
				ENABLE_STRICT_OBJC_MSGSEND = YES;
				ENABLE_TESTABILITY = YES;
				ENABLE_USER_SCRIPT_SANDBOXING = YES;
				GCC_C_LANGUAGE_STANDARD = gnu17;
				GCC_DYNAMIC_NO_PIC = NO;
				GCC_NO_COMMON_BLOCKS = YES;
				GCC_OPTIMIZATION_LEVEL = 0;
				GCC_PREPROCESSOR_DEFINITIONS = (
					"DEBUG=1",
					"$(inherited)",
				);
				GCC_WARN_64_TO_32_BIT_CONVERSION = YES;
				GCC_WARN_ABOUT_RETURN_TYPE = YES_ERROR;
				GCC_WARN_UNDECLARED_SELECTOR = YES;
				GCC_WARN_UNINITIALIZED_AUTOS = YES_AGGRESSIVE;
				GCC_WARN_UNUSED_FUNCTION = YES;
				GCC_WARN_UNUSED_VARIABLE = YES;
				IPHONEOS_DEPLOYMENT_TARGET = 17.5;
				LOCALIZATION_PREFERS_STRING_CATALOGS = YES;
				MTL_ENABLE_DEBUG_INFO = INCLUDE_SOURCE;
				MTL_FAST_MATH = YES;
				ONLY_ACTIVE_ARCH = YES;
				SDKROOT = iphoneos;
				SWIFT_ACTIVE_COMPILATION_CONDITIONS = "DEBUG $(inherited)";
				SWIFT_OPTIMIZATION_LEVEL = "-Onone";
			};
			name = Debug;
		};
		BA75FFC42CB5EB1300A334C1 /* Release */ = {
			isa = XCBuildConfiguration;
			buildSettings = {
				ALWAYS_SEARCH_USER_PATHS = NO;
				ASSETCATALOG_COMPILER_GENERATE_SWIFT_ASSET_SYMBOL_EXTENSIONS = YES;
				CLANG_ANALYZER_NONNULL = YES;
				CLANG_ANALYZER_NUMBER_OBJECT_CONVERSION = YES_AGGRESSIVE;
				CLANG_CXX_LANGUAGE_STANDARD = "gnu++20";
				CLANG_ENABLE_MODULES = YES;
				CLANG_ENABLE_OBJC_ARC = YES;
				CLANG_ENABLE_OBJC_WEAK = YES;
				CLANG_WARN_BLOCK_CAPTURE_AUTORELEASING = YES;
				CLANG_WARN_BOOL_CONVERSION = YES;
				CLANG_WARN_COMMA = YES;
				CLANG_WARN_CONSTANT_CONVERSION = YES;
				CLANG_WARN_DEPRECATED_OBJC_IMPLEMENTATIONS = YES;
				CLANG_WARN_DIRECT_OBJC_ISA_USAGE = YES_ERROR;
				CLANG_WARN_DOCUMENTATION_COMMENTS = YES;
				CLANG_WARN_EMPTY_BODY = YES;
				CLANG_WARN_ENUM_CONVERSION = YES;
				CLANG_WARN_INFINITE_RECURSION = YES;
				CLANG_WARN_INT_CONVERSION = YES;
				CLANG_WARN_NON_LITERAL_NULL_CONVERSION = YES;
				CLANG_WARN_OBJC_IMPLICIT_RETAIN_SELF = YES;
				CLANG_WARN_OBJC_LITERAL_CONVERSION = YES;
				CLANG_WARN_OBJC_ROOT_CLASS = YES_ERROR;
				CLANG_WARN_QUOTED_INCLUDE_IN_FRAMEWORK_HEADER = YES;
				CLANG_WARN_RANGE_LOOP_ANALYSIS = YES;
				CLANG_WARN_STRICT_PROTOTYPES = YES;
				CLANG_WARN_SUSPICIOUS_MOVE = YES;
				CLANG_WARN_UNGUARDED_AVAILABILITY = YES_AGGRESSIVE;
				CLANG_WARN_UNREACHABLE_CODE = YES;
				CLANG_WARN__DUPLICATE_METHOD_MATCH = YES;
				COPY_PHASE_STRIP = NO;
				DEBUG_INFORMATION_FORMAT = "dwarf-with-dsym";
				ENABLE_NS_ASSERTIONS = NO;
				ENABLE_STRICT_OBJC_MSGSEND = YES;
				ENABLE_USER_SCRIPT_SANDBOXING = YES;
				GCC_C_LANGUAGE_STANDARD = gnu17;
				GCC_NO_COMMON_BLOCKS = YES;
				GCC_WARN_64_TO_32_BIT_CONVERSION = YES;
				GCC_WARN_ABOUT_RETURN_TYPE = YES_ERROR;
				GCC_WARN_UNDECLARED_SELECTOR = YES;
				GCC_WARN_UNINITIALIZED_AUTOS = YES_AGGRESSIVE;
				GCC_WARN_UNUSED_FUNCTION = YES;
				GCC_WARN_UNUSED_VARIABLE = YES;
				IPHONEOS_DEPLOYMENT_TARGET = 17.5;
				LOCALIZATION_PREFERS_STRING_CATALOGS = YES;
				MTL_ENABLE_DEBUG_INFO = NO;
				MTL_FAST_MATH = YES;
				SDKROOT = iphoneos;
				SWIFT_COMPILATION_MODE = wholemodule;
				VALIDATE_PRODUCT = YES;
			};
			name = Release;
		};
		BA75FFC62CB5EB1300A334C1 /* Debug */ = {
			isa = XCBuildConfiguration;
			buildSettings = {
				ASSETCATALOG_COMPILER_APPICON_NAME = AppIcon;
				ASSETCATALOG_COMPILER_GLOBAL_ACCENT_COLOR_NAME = AccentColor;
				CODE_SIGN_STYLE = Automatic;
				CURRENT_PROJECT_VERSION = 1;
				DEVELOPMENT_TEAM = 7G3297Q38C;
				GENERATE_INFOPLIST_FILE = YES;
				INFOPLIST_FILE = calculator/Info.plist;
				INFOPLIST_KEY_UIApplicationSupportsIndirectInputEvents = YES;
				INFOPLIST_KEY_UILaunchStoryboardName = LaunchScreen;
				INFOPLIST_KEY_UIMainStoryboardFile = Main;
				INFOPLIST_KEY_UISupportedInterfaceOrientations_iPad = "UIInterfaceOrientationPortrait UIInterfaceOrientationPortraitUpsideDown UIInterfaceOrientationLandscapeLeft UIInterfaceOrientationLandscapeRight";
				INFOPLIST_KEY_UISupportedInterfaceOrientations_iPhone = "UIInterfaceOrientationPortrait UIInterfaceOrientationLandscapeLeft UIInterfaceOrientationLandscapeRight";
				LD_RUNPATH_SEARCH_PATHS = (
					"$(inherited)",
					"@executable_path/Frameworks",
				);
				MARKETING_VERSION = 1.0;
				PRODUCT_BUNDLE_IDENTIFIER = com.example.calculator;
				PRODUCT_NAME = "$(TARGET_NAME)";
				SWIFT_EMIT_LOC_STRINGS = YES;
				SWIFT_VERSION = 5.0;
				TARGETED_DEVICE_FAMILY = "1,2";
			};
			name = Debug;
		};
		BA75FFC72CB5EB1300A334C1 /* Release */ = {
			isa = XCBuildConfiguration;
			buildSettings = {
				ASSETCATALOG_COMPILER_APPICON_NAME = AppIcon;
				ASSETCATALOG_COMPILER_GLOBAL_ACCENT_COLOR_NAME = AccentColor;
				CODE_SIGN_STYLE = Automatic;
				CURRENT_PROJECT_VERSION = 1;
				DEVELOPMENT_TEAM = 7G3297Q38C;
				GENERATE_INFOPLIST_FILE = YES;
				INFOPLIST_FILE = calculator/Info.plist;
				INFOPLIST_KEY_UIApplicationSupportsIndirectInputEvents = YES;
				INFOPLIST_KEY_UILaunchStoryboardName = LaunchScreen;
				INFOPLIST_KEY_UIMainStoryboardFile = Main;
				INFOPLIST_KEY_UISupportedInterfaceOrientations_iPad = "UIInterfaceOrientationPortrait UIInterfaceOrientationPortraitUpsideDown UIInterfaceOrientationLandscapeLeft UIInterfaceOrientationLandscapeRight";
				INFOPLIST_KEY_UISupportedInterfaceOrientations_iPhone = "UIInterfaceOrientationPortrait UIInterfaceOrientationLandscapeLeft UIInterfaceOrientationLandscapeRight";
				LD_RUNPATH_SEARCH_PATHS = (
					"$(inherited)",
					"@executable_path/Frameworks",
				);
				MARKETING_VERSION = 1.0;
				PRODUCT_BUNDLE_IDENTIFIER = com.example.calculator;
				PRODUCT_NAME = "$(TARGET_NAME)";
				SWIFT_EMIT_LOC_STRINGS = YES;
				SWIFT_VERSION = 5.0;
				TARGETED_DEVICE_FAMILY = "1,2";
			};
			name = Release;
		};
		BA75FFC92CB5EB1300A334C1 /* Debug */ = {
			isa = XCBuildConfiguration;
			buildSettings = {
				ALWAYS_EMBED_SWIFT_STANDARD_LIBRARIES = YES;
				BUNDLE_LOADER = "$(TEST_HOST)";
				CODE_SIGN_STYLE = Automatic;
				CURRENT_PROJECT_VERSION = 1;
				DEVELOPMENT_TEAM = 7G3297Q38C;
				GENERATE_INFOPLIST_FILE = YES;
				IPHONEOS_DEPLOYMENT_TARGET = 17.5;
				MARKETING_VERSION = 1.0;
				PRODUCT_BUNDLE_IDENTIFIER = com.example.calculatorTests;
				PRODUCT_NAME = "$(TARGET_NAME)";
				SWIFT_EMIT_LOC_STRINGS = NO;
				SWIFT_VERSION = 5.0;
				TARGETED_DEVICE_FAMILY = "1,2";
				TEST_HOST = "$(BUILT_PRODUCTS_DIR)/calculator.app/$(BUNDLE_EXECUTABLE_FOLDER_PATH)/calculator";
			};
			name = Debug;
		};
		BA75FFCA2CB5EB1300A334C1 /* Release */ = {
			isa = XCBuildConfiguration;
			buildSettings = {
				ALWAYS_EMBED_SWIFT_STANDARD_LIBRARIES = YES;
				BUNDLE_LOADER = "$(TEST_HOST)";
				CODE_SIGN_STYLE = Automatic;
				CURRENT_PROJECT_VERSION = 1;
				DEVELOPMENT_TEAM = 7G3297Q38C;
				GENERATE_INFOPLIST_FILE = YES;
				IPHONEOS_DEPLOYMENT_TARGET = 17.5;
				MARKETING_VERSION = 1.0;
				PRODUCT_BUNDLE_IDENTIFIER = com.example.calculatorTests;
				PRODUCT_NAME = "$(TARGET_NAME)";
				SWIFT_EMIT_LOC_STRINGS = NO;
				SWIFT_VERSION = 5.0;
				TARGETED_DEVICE_FAMILY = "1,2";
				TEST_HOST = "$(BUILT_PRODUCTS_DIR)/calculator.app/$(BUNDLE_EXECUTABLE_FOLDER_PATH)/calculator";
			};
			name = Release;
		};
		BA75FFCC2CB5EB1300A334C1 /* Debug */ = {
			isa = XCBuildConfiguration;
			buildSettings = {
				ALWAYS_EMBED_SWIFT_STANDARD_LIBRARIES = YES;
				CODE_SIGN_STYLE = Automatic;
				CURRENT_PROJECT_VERSION = 1;
				DEVELOPMENT_TEAM = 7G3297Q38C;
				GENERATE_INFOPLIST_FILE = YES;
				MARKETING_VERSION = 1.0;
				PRODUCT_BUNDLE_IDENTIFIER = com.example.calculatorUITests;
				PRODUCT_NAME = "$(TARGET_NAME)";
				SWIFT_EMIT_LOC_STRINGS = NO;
				SWIFT_VERSION = 5.0;
				TARGETED_DEVICE_FAMILY = "1,2";
				TEST_TARGET_NAME = calculator;
			};
			name = Debug;
		};
		BA75FFCD2CB5EB1300A334C1 /* Release */ = {
			isa = XCBuildConfiguration;
			buildSettings = {
				ALWAYS_EMBED_SWIFT_STANDARD_LIBRARIES = YES;
				CODE_SIGN_STYLE = Automatic;
				CURRENT_PROJECT_VERSION = 1;
				DEVELOPMENT_TEAM = 7G3297Q38C;
				GENERATE_INFOPLIST_FILE = YES;
				MARKETING_VERSION = 1.0;
				PRODUCT_BUNDLE_IDENTIFIER = com.example.calculatorUITests;
				PRODUCT_NAME = "$(TARGET_NAME)";
				SWIFT_EMIT_LOC_STRINGS = NO;
				SWIFT_VERSION = 5.0;
				TARGETED_DEVICE_FAMILY = "1,2";
				TEST_TARGET_NAME = calculator;
			};
			name = Release;
		};
/* End XCBuildConfiguration section */

/* Begin XCConfigurationList section */
		BA75FF962CB5EB1100A334C1 /* Build configuration list for PBXProject "calculator" */ = {
			isa = XCConfigurationList;
			buildConfigurations = (
				BA75FFC32CB5EB1300A334C1 /* Debug */,
				BA75FFC42CB5EB1300A334C1 /* Release */,
			);
			defaultConfigurationIsVisible = 0;
			defaultConfigurationName = Release;
		};
		BA75FFC52CB5EB1300A334C1 /* Build configuration list for PBXNativeTarget "calculator" */ = {
			isa = XCConfigurationList;
			buildConfigurations = (
				BA75FFC62CB5EB1300A334C1 /* Debug */,
				BA75FFC72CB5EB1300A334C1 /* Release */,
			);
			defaultConfigurationIsVisible = 0;
			defaultConfigurationName = Release;
		};
		BA75FFC82CB5EB1300A334C1 /* Build configuration list for PBXNativeTarget "calculatorTests" */ = {
			isa = XCConfigurationList;
			buildConfigurations = (
				BA75FFC92CB5EB1300A334C1 /* Debug */,
				BA75FFCA2CB5EB1300A334C1 /* Release */,
			);
			defaultConfigurationIsVisible = 0;
			defaultConfigurationName = Release;
		};
		BA75FFCB2CB5EB1300A334C1 /* Build configuration list for PBXNativeTarget "calculatorUITests" */ = {
			isa = XCConfigurationList;
			buildConfigurations = (
				BA75FFCC2CB5EB1300A334C1 /* Debug */,
				BA75FFCD2CB5EB1300A334C1 /* Release */,
			);
			defaultConfigurationIsVisible = 0;
			defaultConfigurationName = Release;
		};
/* End XCConfigurationList section */
	};
	rootObject = BA75FF932CB5EB1100A334C1 /* Project object */;
}
